Microsoft Visual Studio Solution File, Format Version 12.00
# Visual Studio Version 17
VisualStudioVersion = 17.5.2.0
MinimumVisualStudioVersion = 10.0.40219.1
Project("{FAE04EC0-301F-11D3-BF4B-00C04F79EFBC}") = "WpfConverterDemo", "WpfConverterDemo.csproj", "{FDC7F387-D4F1-2C40-9D22-359408AAE3EB}"
EndProject
Global
	GlobalSection(SolutionConfigurationPlatforms) = preSolution
		Debug|Any CPU = Debug|Any CPU
		Release|Any CPU = Release|Any CPU
	EndGlobalSection
	GlobalSection(ProjectConfigurationPlatforms) = postSolution
		{FDC7F387-D4F1-2C40-9D22-359408AAE3EB}.Debug|Any CPU.ActiveCfg = Debug|Any CPU
		{FDC7F387-D4F1-2C40-9D22-359408AAE3EB}.Debug|Any CPU.Build.0 = Debug|Any CPU
		{FDC7F387-D4F1-2C40-9D22-359408AAE3EB}.Release|Any CPU.ActiveCfg = Release|Any CPU
		{FDC7F387-D4F1-2C40-9D22-359408AAE3EB}.Release|Any CPU.Build.0 = Release|Any CPU
	EndGlobalSection
	GlobalSection(SolutionProperties) = preSolution
		HideSolutionNode = FALSE
	EndGlobalSection
	GlobalSection(ExtensibilityGlobals) = postSolution
		SolutionGuid = {52D4F4D4-CAF2-4867-A30F-D76D2246348A}
	EndGlobalSection
EndGlobal
